{
  "originHash" : "25e88206344d3de9fbbbcc66db349ee64aae019fe2784e886b5a22c6c2e13fdc",
  "pins" : [
    {
      "identity" : "mcemojipicker",
      "kind" : "remoteSourceControl",
      "location" : "https://github.com/izyumkin/MCEmojiPicker",
      "state" : {
        "branch" : "1.2.3",
        "revision" : "e0b4903b75ae1cc418d276d84d1cb946b8a1d73c"
      }
    },
    {
      "identity" : "navigationkit",
      "kind" : "remoteSourceControl",
      "location" : "https://github.com/theosementa/NavigationKit",
      "state" : {
        "branch" : "3.0.3",
        "revision" : "9f284f1ae300d7155b544d3e7381931869119750"
      }
    },
    {
      "identity" : "toastbannerkit",
      "kind" : "remoteSourceControl",
      "location" : "https://github.com/theosementa/ToastBannerKit.git",
      "state" : {
        "revision" : "e23b17c0790ab0a8ea905d459e2948cc6b0932e4",
        "version" : "1.0.31"
      }
    }
  ],
  "version" : 3
}
