{
  "originHash" : "44916c57eb4b3057e176d1b913c7e964036e8142071e1b5ff8d27944530906f1",
  "pins" : [
    {
      "identity" : "navigationkit",
      "kind" : "remoteSourceControl",
      "location" : "https://github.com/theosementa/NavigationKit",
      "state" : {
        "branch" : "3.0.2",
        "revision" : "caf491f5b89512a29ac99b83b8cbf340fb0d24f8"
      }
    }
  ],
  "version" : 3
}
