{
  "originHash" : "15a297d01bd8c489cf20729d6c1a4303d6c6cffceade3425e42a9e6a19cc4099",
  "pins" : [
    {
      "identity" : "mcemojipicker",
      "kind" : "remoteSourceControl",
      "location" : "https://github.com/izyumkin/MCEmojiPicker",
      "state" : {
        "branch" : "1.2.3",
        "revision" : "e0b4903b75ae1cc418d276d84d1cb946b8a1d73c"
      }
    },
    {
      "identity" : "navigationkit",
      "kind" : "remoteSourceControl",
      "location" : "https://github.com/theosementa/NavigationKit",
      "state" : {
        "branch" : "3.0.2",
        "revision" : "caf491f5b89512a29ac99b83b8cbf340fb0d24f8"
      }
    }
  ],
  "version" : 3
}
